
Microsoft Visual Studio Solution File, Format Version 12.00
# Visual Studio 15
VisualStudioVersion = 15.0.27004.2009
MinimumVisualStudioVersion = 10.0.40219.1
Project("{2150E333-8FDC-42A3-9474-1A3956D46DE8}") = "Templates", "Templates", "{B9F75D30-BCEA-499B-AC12-2A89253CAD51}"
EndProject
Project("{2150E333-8FDC-42A3-9474-1A3956D46DE8}") = "CSharp", "CSharp", "{9F7C36BB-948A-402D-BAB2-6FEBECC792EC}"
EndProject
Project("{2150E333-8FDC-42A3-9474-1A3956D46DE8}") = "ItemTemplates", "ItemTemplates", "{B4F71629-51D2-4DB7-9122-55A872235A47}"
EndProject
Project("{2150E333-8FDC-42A3-9474-1A3956D46DE8}") = "Commands", "Commands", "{BEC57D35-61CB-496A-BB37-85DD187880DF}"
EndProject
Project("{2150E333-8FDC-42A3-9474-1A3956D46DE8}") = "ProjectTemplates", "ProjectTemplates", "{B6DC656B-5E9A-4230-BD9E-A52B134BD0B5}"
EndProject
Project("{2150E333-8FDC-42A3-9474-1A3956D46DE8}") = "VisualBasic", "VisualBasic", "{1DC75549-19D8-4430-9219-D6A5E5208461}"
EndProject
Project("{2150E333-8FDC-42A3-9474-1A3956D46DE8}") = "ProjectTemplates", "ProjectTemplates", "{820D222D-AE85-4C05-9C06-8EF43458FF0E}"
EndProject
Project("{FAE04EC0-301F-11D3-BF4B-00C04F79EFBC}") = "FRC-Extension", "FRC-Extension\FRC-Extension.csproj", "{D68E4367-9381-4140-B090-7445E4BD3073}"
	ProjectSection(ProjectDependencies) = postProject
		{F6724218-0C31-4428-A217-B4318E3026B2} = {F6724218-0C31-4428-A217-B4318E3026B2}
	EndProjectSection
EndProject
Project("{FAE04EC0-301F-11D3-BF4B-00C04F79EFBC}") = "CommandRobot", "Templates\CSharp\Project-Templates\CommandRobot\CommandRobot.csproj", "{C8E54708-3CD1-426B-9A89-9CDE8BED7845}"
EndProject
Project("{FAE04EC0-301F-11D3-BF4B-00C04F79EFBC}") = "IterativeRobot", "Templates\CSharp\Project-Templates\IterativeRobot\IterativeRobot.csproj", "{67898DB3-7BF6-4654-A9EA-B7AE87385E88}"
EndProject
Project("{FAE04EC0-301F-11D3-BF4B-00C04F79EFBC}") = "SampleRobot", "Templates\CSharp\Project-Templates\SampleRobot\SampleRobot.csproj", "{D92655E3-184C-407A-9E08-95F40898C16B}"
EndProject
Project("{FAE04EC0-301F-11D3-BF4B-00C04F79EFBC}") = "SingletonClass", "Templates\CSharp\Item-Templates\SingleInstanceClass\SingletonClass.csproj", "{4321F0E6-FC2E-4770-8556-ADE409AB53A3}"
EndProject
Project("{FAE04EC0-301F-11D3-BF4B-00C04F79EFBC}") = "WPILibClass", "Templates\CSharp\Item-Templates\WPILibClass\WPILibClass.csproj", "{4D1A696E-490D-49BE-987C-5A6FE3B65B7E}"
EndProject
Project("{FAE04EC0-301F-11D3-BF4B-00C04F79EFBC}") = "Command", "Templates\CSharp\Item-Templates\Commands\Command\Command.csproj", "{C5C8649D-8F84-4E61-B387-618A54E2803B}"
EndProject
Project("{FAE04EC0-301F-11D3-BF4B-00C04F79EFBC}") = "CommandGroup", "Templates\CSharp\Item-Templates\Commands\CommandGroup\CommandGroup.csproj", "{7AEF40FB-9D0E-467B-A8D2-16237C64648B}"
EndProject
Project("{FAE04EC0-301F-11D3-BF4B-00C04F79EFBC}") = "PIDSubsystem", "Templates\CSharp\Item-Templates\Commands\PIDSubsystem\PIDSubsystem.csproj", "{263618AC-BE45-4C95-AFEB-6E613628FA93}"
EndProject
Project("{FAE04EC0-301F-11D3-BF4B-00C04F79EFBC}") = "Subsystem", "Templates\CSharp\Item-Templates\Commands\Subsystem\Subsystem.csproj", "{EC287D7C-FFA4-4FC5-8EBD-DE45AC9B487B}"
EndProject
Project("{FAE04EC0-301F-11D3-BF4B-00C04F79EFBC}") = "Trigger", "Templates\CSharp\Item-Templates\Commands\Trigger\Trigger.csproj", "{EBD6627A-7F9F-4828-9A6A-CFFFDD8FA58B}"
EndProject
Project("{FAE04EC0-301F-11D3-BF4B-00C04F79EFBC}") = "AttributedCommandRobot", "Templates\CSharp\Project-Templates\AttributedCommandRobot\AttributedCommandRobot.csproj", "{E2A270CB-4CC1-41E8-8AB1-B643B6F818A4}"
EndProject
Project("{FAE04EC0-301F-11D3-BF4B-00C04F79EFBC}") = "LabVIEWRobot", "Templates\CSharp\Project-Templates\LabVIEWRobot\LabVIEWRobot.csproj", "{D9803506-1439-43BB-B553-62DB3841B6F9}"
EndProject
Project("{F184B08F-C81C-45F6-A57F-5ABD9991F28F}") = "IterativeRobotVB", "Templates\VisualBasic\Project-Templates\IterativeRobotVB\IterativeRobotVB.vbproj", "{F6724218-0C31-4428-A217-B4318E3026B2}"
EndProject
Global
	GlobalSection(SolutionConfigurationPlatforms) = preSolution
		Debug|Any CPU = Debug|Any CPU
		Debug|x86 = Debug|x86
		Release|Any CPU = Release|Any CPU
		Release|x86 = Release|x86
	EndGlobalSection
	GlobalSection(ProjectConfigurationPlatforms) = postSolution
		{D68E4367-9381-4140-B090-7445E4BD3073}.Debug|Any CPU.ActiveCfg = Debug|Any CPU
		{D68E4367-9381-4140-B090-7445E4BD3073}.Debug|Any CPU.Build.0 = Debug|Any CPU
		{D68E4367-9381-4140-B090-7445E4BD3073}.Debug|x86.ActiveCfg = Debug|Any CPU
		{D68E4367-9381-4140-B090-7445E4BD3073}.Debug|x86.Build.0 = Debug|Any CPU
		{D68E4367-9381-4140-B090-7445E4BD3073}.Release|Any CPU.ActiveCfg = Release|Any CPU
		{D68E4367-9381-4140-B090-7445E4BD3073}.Release|Any CPU.Build.0 = Release|Any CPU
		{D68E4367-9381-4140-B090-7445E4BD3073}.Release|x86.ActiveCfg = Release|Any CPU
		{D68E4367-9381-4140-B090-7445E4BD3073}.Release|x86.Build.0 = Release|Any CPU
		{C8E54708-3CD1-426B-9A89-9CDE8BED7845}.Debug|Any CPU.ActiveCfg = Debug|Any CPU
		{C8E54708-3CD1-426B-9A89-9CDE8BED7845}.Debug|Any CPU.Build.0 = Debug|Any CPU
		{C8E54708-3CD1-426B-9A89-9CDE8BED7845}.Debug|x86.ActiveCfg = Debug|Any CPU
		{C8E54708-3CD1-426B-9A89-9CDE8BED7845}.Debug|x86.Build.0 = Debug|Any CPU
		{C8E54708-3CD1-426B-9A89-9CDE8BED7845}.Release|Any CPU.ActiveCfg = Release|Any CPU
		{C8E54708-3CD1-426B-9A89-9CDE8BED7845}.Release|Any CPU.Build.0 = Release|Any CPU
		{C8E54708-3CD1-426B-9A89-9CDE8BED7845}.Release|x86.ActiveCfg = Release|Any CPU
		{C8E54708-3CD1-426B-9A89-9CDE8BED7845}.Release|x86.Build.0 = Release|Any CPU
		{67898DB3-7BF6-4654-A9EA-B7AE87385E88}.Debug|Any CPU.ActiveCfg = Debug|Any CPU
		{67898DB3-7BF6-4654-A9EA-B7AE87385E88}.Debug|Any CPU.Build.0 = Debug|Any CPU
		{67898DB3-7BF6-4654-A9EA-B7AE87385E88}.Debug|x86.ActiveCfg = Debug|Any CPU
		{67898DB3-7BF6-4654-A9EA-B7AE87385E88}.Debug|x86.Build.0 = Debug|Any CPU
		{67898DB3-7BF6-4654-A9EA-B7AE87385E88}.Release|Any CPU.ActiveCfg = Release|Any CPU
		{67898DB3-7BF6-4654-A9EA-B7AE87385E88}.Release|Any CPU.Build.0 = Release|Any CPU
		{67898DB3-7BF6-4654-A9EA-B7AE87385E88}.Release|x86.ActiveCfg = Release|Any CPU
		{67898DB3-7BF6-4654-A9EA-B7AE87385E88}.Release|x86.Build.0 = Release|Any CPU
		{D92655E3-184C-407A-9E08-95F40898C16B}.Debug|Any CPU.ActiveCfg = Debug|Any CPU
		{D92655E3-184C-407A-9E08-95F40898C16B}.Debug|Any CPU.Build.0 = Debug|Any CPU
		{D92655E3-184C-407A-9E08-95F40898C16B}.Debug|x86.ActiveCfg = Debug|Any CPU
		{D92655E3-184C-407A-9E08-95F40898C16B}.Debug|x86.Build.0 = Debug|Any CPU
		{D92655E3-184C-407A-9E08-95F40898C16B}.Release|Any CPU.ActiveCfg = Release|Any CPU
		{D92655E3-184C-407A-9E08-95F40898C16B}.Release|Any CPU.Build.0 = Release|Any CPU
		{D92655E3-184C-407A-9E08-95F40898C16B}.Release|x86.ActiveCfg = Release|Any CPU
		{D92655E3-184C-407A-9E08-95F40898C16B}.Release|x86.Build.0 = Release|Any CPU
		{4321F0E6-FC2E-4770-8556-ADE409AB53A3}.Debug|Any CPU.ActiveCfg = Debug|Any CPU
		{4321F0E6-FC2E-4770-8556-ADE409AB53A3}.Debug|Any CPU.Build.0 = Debug|Any CPU
		{4321F0E6-FC2E-4770-8556-ADE409AB53A3}.Debug|x86.ActiveCfg = Debug|Any CPU
		{4321F0E6-FC2E-4770-8556-ADE409AB53A3}.Debug|x86.Build.0 = Debug|Any CPU
		{4321F0E6-FC2E-4770-8556-ADE409AB53A3}.Release|Any CPU.ActiveCfg = Release|Any CPU
		{4321F0E6-FC2E-4770-8556-ADE409AB53A3}.Release|Any CPU.Build.0 = Release|Any CPU
		{4321F0E6-FC2E-4770-8556-ADE409AB53A3}.Release|x86.ActiveCfg = Release|Any CPU
		{4321F0E6-FC2E-4770-8556-ADE409AB53A3}.Release|x86.Build.0 = Release|Any CPU
		{4D1A696E-490D-49BE-987C-5A6FE3B65B7E}.Debug|Any CPU.ActiveCfg = Debug|Any CPU
		{4D1A696E-490D-49BE-987C-5A6FE3B65B7E}.Debug|Any CPU.Build.0 = Debug|Any CPU
		{4D1A696E-490D-49BE-987C-5A6FE3B65B7E}.Debug|x86.ActiveCfg = Debug|Any CPU
		{4D1A696E-490D-49BE-987C-5A6FE3B65B7E}.Debug|x86.Build.0 = Debug|Any CPU
		{4D1A696E-490D-49BE-987C-5A6FE3B65B7E}.Release|Any CPU.ActiveCfg = Release|Any CPU
		{4D1A696E-490D-49BE-987C-5A6FE3B65B7E}.Release|Any CPU.Build.0 = Release|Any CPU
		{4D1A696E-490D-49BE-987C-5A6FE3B65B7E}.Release|x86.ActiveCfg = Release|Any CPU
		{4D1A696E-490D-49BE-987C-5A6FE3B65B7E}.Release|x86.Build.0 = Release|Any CPU
		{C5C8649D-8F84-4E61-B387-618A54E2803B}.Debug|Any CPU.ActiveCfg = Debug|Any CPU
		{C5C8649D-8F84-4E61-B387-618A54E2803B}.Debug|Any CPU.Build.0 = Debug|Any CPU
		{C5C8649D-8F84-4E61-B387-618A54E2803B}.Debug|x86.ActiveCfg = Debug|Any CPU
		{C5C8649D-8F84-4E61-B387-618A54E2803B}.Debug|x86.Build.0 = Debug|Any CPU
		{C5C8649D-8F84-4E61-B387-618A54E2803B}.Release|Any CPU.ActiveCfg = Release|Any CPU
		{C5C8649D-8F84-4E61-B387-618A54E2803B}.Release|Any CPU.Build.0 = Release|Any CPU
		{C5C8649D-8F84-4E61-B387-618A54E2803B}.Release|x86.ActiveCfg = Release|Any CPU
		{C5C8649D-8F84-4E61-B387-618A54E2803B}.Release|x86.Build.0 = Release|Any CPU
		{7AEF40FB-9D0E-467B-A8D2-16237C64648B}.Debug|Any CPU.ActiveCfg = Debug|Any CPU
		{7AEF40FB-9D0E-467B-A8D2-16237C64648B}.Debug|Any CPU.Build.0 = Debug|Any CPU
		{7AEF40FB-9D0E-467B-A8D2-16237C64648B}.Debug|x86.ActiveCfg = Debug|Any CPU
		{7AEF40FB-9D0E-467B-A8D2-16237C64648B}.Debug|x86.Build.0 = Debug|Any CPU
		{7AEF40FB-9D0E-467B-A8D2-16237C64648B}.Release|Any CPU.ActiveCfg = Release|Any CPU
		{7AEF40FB-9D0E-467B-A8D2-16237C64648B}.Release|Any CPU.Build.0 = Release|Any CPU
		{7AEF40FB-9D0E-467B-A8D2-16237C64648B}.Release|x86.ActiveCfg = Release|Any CPU
		{7AEF40FB-9D0E-467B-A8D2-16237C64648B}.Release|x86.Build.0 = Release|Any CPU
		{263618AC-BE45-4C95-AFEB-6E613628FA93}.Debug|Any CPU.ActiveCfg = Debug|Any CPU
		{263618AC-BE45-4C95-AFEB-6E613628FA93}.Debug|Any CPU.Build.0 = Debug|Any CPU
		{263618AC-BE45-4C95-AFEB-6E613628FA93}.Debug|x86.ActiveCfg = Debug|Any CPU
		{263618AC-BE45-4C95-AFEB-6E613628FA93}.Debug|x86.Build.0 = Debug|Any CPU
		{263618AC-BE45-4C95-AFEB-6E613628FA93}.Release|Any CPU.ActiveCfg = Release|Any CPU
		{263618AC-BE45-4C95-AFEB-6E613628FA93}.Release|Any CPU.Build.0 = Release|Any CPU
		{263618AC-BE45-4C95-AFEB-6E613628FA93}.Release|x86.ActiveCfg = Release|Any CPU
		{263618AC-BE45-4C95-AFEB-6E613628FA93}.Release|x86.Build.0 = Release|Any CPU
		{EC287D7C-FFA4-4FC5-8EBD-DE45AC9B487B}.Debug|Any CPU.ActiveCfg = Debug|Any CPU
		{EC287D7C-FFA4-4FC5-8EBD-DE45AC9B487B}.Debug|Any CPU.Build.0 = Debug|Any CPU
		{EC287D7C-FFA4-4FC5-8EBD-DE45AC9B487B}.Debug|x86.ActiveCfg = Debug|Any CPU
		{EC287D7C-FFA4-4FC5-8EBD-DE45AC9B487B}.Debug|x86.Build.0 = Debug|Any CPU
		{EC287D7C-FFA4-4FC5-8EBD-DE45AC9B487B}.Release|Any CPU.ActiveCfg = Release|Any CPU
		{EC287D7C-FFA4-4FC5-8EBD-DE45AC9B487B}.Release|Any CPU.Build.0 = Release|Any CPU
		{EC287D7C-FFA4-4FC5-8EBD-DE45AC9B487B}.Release|x86.ActiveCfg = Release|Any CPU
		{EC287D7C-FFA4-4FC5-8EBD-DE45AC9B487B}.Release|x86.Build.0 = Release|Any CPU
		{EBD6627A-7F9F-4828-9A6A-CFFFDD8FA58B}.Debug|Any CPU.ActiveCfg = Debug|Any CPU
		{EBD6627A-7F9F-4828-9A6A-CFFFDD8FA58B}.Debug|Any CPU.Build.0 = Debug|Any CPU
		{EBD6627A-7F9F-4828-9A6A-CFFFDD8FA58B}.Debug|x86.ActiveCfg = Debug|Any CPU
		{EBD6627A-7F9F-4828-9A6A-CFFFDD8FA58B}.Debug|x86.Build.0 = Debug|Any CPU
		{EBD6627A-7F9F-4828-9A6A-CFFFDD8FA58B}.Release|Any CPU.ActiveCfg = Release|Any CPU
		{EBD6627A-7F9F-4828-9A6A-CFFFDD8FA58B}.Release|Any CPU.Build.0 = Release|Any CPU
		{EBD6627A-7F9F-4828-9A6A-CFFFDD8FA58B}.Release|x86.ActiveCfg = Release|Any CPU
		{EBD6627A-7F9F-4828-9A6A-CFFFDD8FA58B}.Release|x86.Build.0 = Release|Any CPU
		{E2A270CB-4CC1-41E8-8AB1-B643B6F818A4}.Debug|Any CPU.ActiveCfg = Debug|Any CPU
		{E2A270CB-4CC1-41E8-8AB1-B643B6F818A4}.Debug|Any CPU.Build.0 = Debug|Any CPU
		{E2A270CB-4CC1-41E8-8AB1-B643B6F818A4}.Debug|x86.ActiveCfg = Debug|Any CPU
		{E2A270CB-4CC1-41E8-8AB1-B643B6F818A4}.Debug|x86.Build.0 = Debug|Any CPU
		{E2A270CB-4CC1-41E8-8AB1-B643B6F818A4}.Release|Any CPU.ActiveCfg = Release|Any CPU
		{E2A270CB-4CC1-41E8-8AB1-B643B6F818A4}.Release|Any CPU.Build.0 = Release|Any CPU
		{E2A270CB-4CC1-41E8-8AB1-B643B6F818A4}.Release|x86.ActiveCfg = Release|Any CPU
		{E2A270CB-4CC1-41E8-8AB1-B643B6F818A4}.Release|x86.Build.0 = Release|Any CPU
		{D9803506-1439-43BB-B553-62DB3841B6F9}.Debug|Any CPU.ActiveCfg = Debug|Any CPU
		{D9803506-1439-43BB-B553-62DB3841B6F9}.Debug|Any CPU.Build.0 = Debug|Any CPU
		{D9803506-1439-43BB-B553-62DB3841B6F9}.Debug|x86.ActiveCfg = Debug|Any CPU
		{D9803506-1439-43BB-B553-62DB3841B6F9}.Debug|x86.Build.0 = Debug|Any CPU
		{D9803506-1439-43BB-B553-62DB3841B6F9}.Release|Any CPU.ActiveCfg = Release|Any CPU
		{D9803506-1439-43BB-B553-62DB3841B6F9}.Release|Any CPU.Build.0 = Release|Any CPU
		{D9803506-1439-43BB-B553-62DB3841B6F9}.Release|x86.ActiveCfg = Release|Any CPU
		{D9803506-1439-43BB-B553-62DB3841B6F9}.Release|x86.Build.0 = Release|Any CPU
		{F6724218-0C31-4428-A217-B4318E3026B2}.Debug|Any CPU.ActiveCfg = Debug|Any CPU
		{F6724218-0C31-4428-A217-B4318E3026B2}.Debug|Any CPU.Build.0 = Debug|Any CPU
		{F6724218-0C31-4428-A217-B4318E3026B2}.Debug|x86.ActiveCfg = Debug|Any CPU
		{F6724218-0C31-4428-A217-B4318E3026B2}.Debug|x86.Build.0 = Debug|Any CPU
		{F6724218-0C31-4428-A217-B4318E3026B2}.Release|Any CPU.ActiveCfg = Release|Any CPU
		{F6724218-0C31-4428-A217-B4318E3026B2}.Release|Any CPU.Build.0 = Release|Any CPU
		{F6724218-0C31-4428-A217-B4318E3026B2}.Release|x86.ActiveCfg = Release|Any CPU
		{F6724218-0C31-4428-A217-B4318E3026B2}.Release|x86.Build.0 = Release|Any CPU
	EndGlobalSection
	GlobalSection(SolutionProperties) = preSolution
		HideSolutionNode = FALSE
	EndGlobalSection
	GlobalSection(NestedProjects) = preSolution
		{9F7C36BB-948A-402D-BAB2-6FEBECC792EC} = {B9F75D30-BCEA-499B-AC12-2A89253CAD51}
		{B4F71629-51D2-4DB7-9122-55A872235A47} = {9F7C36BB-948A-402D-BAB2-6FEBECC792EC}
		{BEC57D35-61CB-496A-BB37-85DD187880DF} = {B4F71629-51D2-4DB7-9122-55A872235A47}
		{B6DC656B-5E9A-4230-BD9E-A52B134BD0B5} = {9F7C36BB-948A-402D-BAB2-6FEBECC792EC}
		{1DC75549-19D8-4430-9219-D6A5E5208461} = {B9F75D30-BCEA-499B-AC12-2A89253CAD51}
		{820D222D-AE85-4C05-9C06-8EF43458FF0E} = {1DC75549-19D8-4430-9219-D6A5E5208461}
		{C8E54708-3CD1-426B-9A89-9CDE8BED7845} = {B6DC656B-5E9A-4230-BD9E-A52B134BD0B5}
		{67898DB3-7BF6-4654-A9EA-B7AE87385E88} = {B6DC656B-5E9A-4230-BD9E-A52B134BD0B5}
		{D92655E3-184C-407A-9E08-95F40898C16B} = {B6DC656B-5E9A-4230-BD9E-A52B134BD0B5}
		{4321F0E6-FC2E-4770-8556-ADE409AB53A3} = {B4F71629-51D2-4DB7-9122-55A872235A47}
		{4D1A696E-490D-49BE-987C-5A6FE3B65B7E} = {B4F71629-51D2-4DB7-9122-55A872235A47}
		{C5C8649D-8F84-4E61-B387-618A54E2803B} = {BEC57D35-61CB-496A-BB37-85DD187880DF}
		{7AEF40FB-9D0E-467B-A8D2-16237C64648B} = {BEC57D35-61CB-496A-BB37-85DD187880DF}
		{263618AC-BE45-4C95-AFEB-6E613628FA93} = {BEC57D35-61CB-496A-BB37-85DD187880DF}
		{EC287D7C-FFA4-4FC5-8EBD-DE45AC9B487B} = {BEC57D35-61CB-496A-BB37-85DD187880DF}
		{EBD6627A-7F9F-4828-9A6A-CFFFDD8FA58B} = {BEC57D35-61CB-496A-BB37-85DD187880DF}
		{E2A270CB-4CC1-41E8-8AB1-B643B6F818A4} = {B6DC656B-5E9A-4230-BD9E-A52B134BD0B5}
		{D9803506-1439-43BB-B553-62DB3841B6F9} = {B6DC656B-5E9A-4230-BD9E-A52B134BD0B5}
		{F6724218-0C31-4428-A217-B4318E3026B2} = {820D222D-AE85-4C05-9C06-8EF43458FF0E}
	EndGlobalSection
	GlobalSection(ExtensibilityGlobals) = postSolution
		SolutionGuid = {96F3D081-AE8A-49A6-82FE-9FE416F6FA09}
	EndGlobalSection
EndGlobal
